hash: f162faae8fcdcd6bda39e0da4ec0a03d4559208b684a7f426028e5f9b7958f96
updated: 2017-04-06T11:30:58.4305559+09:00
imports:
- name: github.com/Azure/azure-sdk-for-go
  version: 8b742db0f792bb89ee4dadbdb2314aeb9a5626d2
  subpackages:
  - arm/examples/helpers
  - arm/resources/resources
  - arm/storage
  - storage
- name: github.com/Azure/go-autorest
  version: ec5f4903f77ed9927ac95b19ab8e44ada64c1356
  subpackages:
  - autorest
  - autorest/azure
  - autorest/date
  - autorest/to
  - autorest/validation
- name: github.com/dgrijalva/jwt-go
  version: 2268707a8f0843315e2004ee4f1d021dc08baedf
- name: github.com/spf13/viper
  version: 84f94806c67f59dd7ae87bc5351f7a9c94a4558d
testImports: []
